
Microsoft Visual Studio Solution File, Format Version 12.00
# Visual Studio 15
VisualStudioVersion = 15.0.28010.2050
MinimumVisualStudioVersion = 10.0.40219.1
Project("{9A19103F-16F7-4668-BE54-9A1E7A4F7556}") = "EnumerationClass.Tests", "test\EnumerationClass.Tests.csproj", "{2459201A-EAA9-4986-A60B-F0CEF71B4E9F}"
EndProject
Project("{FAE04EC0-301F-11D3-BF4B-00C04F79EFBC}") = "EnumerationClass", "src\EnumerationClass\EnumerationClass.csproj", "{307E4985-1304-4BB8-8198-E1902DC9F18D}"
EndProject
Project("{2150E333-8FDC-42A3-9474-1A3956D46DE8}") = "Solution Items", "Solution Items", "{B725B8E9-E749-472D-8D20-7690E797B668}"
	ProjectSection(SolutionItems) = preProject
		README.md = README.md
	EndProjectSection
EndProject
Global
	GlobalSection(SolutionConfigurationPlatforms) = preSolution
		Debug|Any CPU = Debug|Any CPU
		Release|Any CPU = Release|Any CPU
	EndGlobalSection
	GlobalSection(ProjectConfigurationPlatforms) = postSolution
		{2459201A-EAA9-4986-A60B-F0CEF71B4E9F}.Debug|Any CPU.ActiveCfg = Debug|Any CPU
		{2459201A-EAA9-4986-A60B-F0CEF71B4E9F}.Debug|Any CPU.Build.0 = Debug|Any CPU
		{2459201A-EAA9-4986-A60B-F0CEF71B4E9F}.Release|Any CPU.ActiveCfg = Release|Any CPU
		{2459201A-EAA9-4986-A60B-F0CEF71B4E9F}.Release|Any CPU.Build.0 = Release|Any CPU
		{307E4985-1304-4BB8-8198-E1902DC9F18D}.Debug|Any CPU.ActiveCfg = Debug|Any CPU
		{307E4985-1304-4BB8-8198-E1902DC9F18D}.Debug|Any CPU.Build.0 = Debug|Any CPU
		{307E4985-1304-4BB8-8198-E1902DC9F18D}.Release|Any CPU.ActiveCfg = Release|Any CPU
		{307E4985-1304-4BB8-8198-E1902DC9F18D}.Release|Any CPU.Build.0 = Release|Any CPU
	EndGlobalSection
	GlobalSection(SolutionProperties) = preSolution
		HideSolutionNode = FALSE
	EndGlobalSection
	GlobalSection(ExtensibilityGlobals) = postSolution
		SolutionGuid = {F06776DD-327C-48D5-8449-9C59080CF9F1}
	EndGlobalSection
EndGlobal
